
Microsoft Visual Studio Solution File, Format Version 12.00
# Visual Studio Version 16
VisualStudioVersion = 16.0.29509.3
MinimumVisualStudioVersion = 10.0.40219.1
Project("{9A19103F-16F7-4668-BE54-9A1E7A4F7556}") = "Assignment1", "Assignment1\Assignment1.csproj", "{1137DA59-5F29-4729-9514-903F94212DC7}"
EndProject
Project("{FAE04EC0-301F-11D3-BF4B-00C04F79EFBC}") = "Assignment2", "Assignment2\Assignment2.csproj", "{75ED0B17-8566-426C-9348-4443169F49D8}"
EndProject
Global
	GlobalSection(SolutionConfigurationPlatforms) = preSolution
		Debug|Any CPU = Debug|Any CPU
		Release|Any CPU = Release|Any CPU
	EndGlobalSection
	GlobalSection(ProjectConfigurationPlatforms) = postSolution
		{1137DA59-5F29-4729-9514-903F94212DC7}.Debug|Any CPU.ActiveCfg = Debug|Any CPU
		{1137DA59-5F29-4729-9514-903F94212DC7}.Debug|Any CPU.Build.0 = Debug|Any CPU
		{1137DA59-5F29-4729-9514-903F94212DC7}.Release|Any CPU.ActiveCfg = Release|Any CPU
		{1137DA59-5F29-4729-9514-903F94212DC7}.Release|Any CPU.Build.0 = Release|Any CPU
		{75ED0B17-8566-426C-9348-4443169F49D8}.Debug|Any CPU.ActiveCfg = Debug|Any CPU
		{75ED0B17-8566-426C-9348-4443169F49D8}.Debug|Any CPU.Build.0 = Debug|Any CPU
		{75ED0B17-8566-426C-9348-4443169F49D8}.Release|Any CPU.ActiveCfg = Release|Any CPU
		{75ED0B17-8566-426C-9348-4443169F49D8}.Release|Any CPU.Build.0 = Release|Any CPU
	EndGlobalSection
	GlobalSection(SolutionProperties) = preSolution
		HideSolutionNode = FALSE
	EndGlobalSection
	GlobalSection(ExtensibilityGlobals) = postSolution
		SolutionGuid = {EFA00E5B-CB36-4AD5-B61A-AF88C1D09686}
	EndGlobalSection
EndGlobal
